{
  "name": "contact",
  "version": "1.0.0",
  "lockfileVersion": 1,
  "requires": true,
  "dependencies": {
    "camelcase": {
      "version": "5.3.1",
      "resolved": "https://registry.npmjs.org/camelcase/-/camelcase-5.3.1.tgz",
      "integrity": "sha512-L28STB170nwWS63UjtlEOE3dldQApaJXZkOI1uMFfzf3rRuPegHaHesyee+YxQ+W6SvRDQV6UrdOdRiR153wJg=="
    },
    "foldline": {
      "version": "1.1.0",
      "resolved": "https://registry.npmjs.org/foldline/-/foldline-1.1.0.tgz",
      "integrity": "sha512-9SheyADS50hjvFYjFJ3OB/GlDz2mD1T2CHd7auIk4Uto5YYWPBcw8iYo3F+gENJ+/SOeH9tT0loHZSqlUlumTA=="
    },
    "sprintf-js": {
      "version": "1.1.2",
      "resolved": "https://registry.npmjs.org/sprintf-js/-/sprintf-js-1.1.2.tgz",
      "integrity": "sha512-VE0SOVEHCk7Qc8ulkWw3ntAzXuqf7S2lvwQaDLRnUeIEaKNQJzV6BwmLKhOqT61aGhfUMrXeaBk+oDGCzvhcug=="
    },
    "underscore": {
      "version": "1.10.2",
      "resolved": "https://registry.npmjs.org/underscore/-/underscore-1.10.2.tgz",
      "integrity": "sha512-N4P+Q/BuyuEKFJ43B9gYuOj4TQUHXX+j2FqguVOpjkssLUUrnJofCcBccJSCoeturDoZU6GorDTHSvUDlSQbTg=="
    },
    "underscore.string": {
      "version": "3.3.5",
      "resolved": "https://registry.npmjs.org/underscore.string/-/underscore.string-3.3.5.tgz",
      "integrity": "sha512-g+dpmgn+XBneLmXXo+sGlW5xQEt4ErkS3mgeN2GFbremYeMBSJKr9Wf2KJplQVaiPY/f7FN6atosWYNm9ovrYg==",
      "requires": {
        "sprintf-js": "^1.0.3",
        "util-deprecate": "^1.0.2"
      }
    },
    "util-deprecate": {
      "version": "1.0.2",
      "resolved": "https://registry.npmjs.org/util-deprecate/-/util-deprecate-1.0.2.tgz",
      "integrity": "sha1-RQ1Nyfpw3nMnYvvS1KKJgUGaDM8="
    },
    "vcard-json": {
      "version": "0.5.2",
      "resolved": "https://registry.npmjs.org/vcard-json/-/vcard-json-0.5.2.tgz",
      "integrity": "sha1-JSszgJktEKeW5hEN5TsIaVEAyII=",
      "requires": {
        "underscore": "^1.8.2",
        "underscore.string": "^3.0.3"
      }
    },
    "vcf": {
      "version": "2.1.0",
      "resolved": "https://registry.npmjs.org/vcf/-/vcf-2.1.0.tgz",
      "integrity": "sha512-mTS5UnGuY6YHHkU/uD6eLla1tlAqmg38m1Fx6e/uaovVEuhuEU7YQ7O46G99A3OdmgEFHt5KW5g2P8q4v4O1bQ==",
      "requires": {
        "camelcase": "^5.0.0",
        "foldline": "^1.1.0"
      }
    }
  }
}
